
Microsoft Visual Studio Solution File, Format Version 12.00
Project("{FAE04EC0-301F-11D3-BF4B-00C04F79EFBC}") = "TicTacToe_boardgameV3", "TicTacToe_boardgameV3\TicTacToe_boardgameV3.csproj", "{69BB3556-96BE-431E-976C-6520BAA5FE2E}"
EndProject
Global
	GlobalSection(SolutionConfigurationPlatforms) = preSolution
		Debug|Any CPU = Debug|Any CPU
		Release|Any CPU = Release|Any CPU
	EndGlobalSection
	GlobalSection(ProjectConfigurationPlatforms) = postSolution
		{69BB3556-96BE-431E-976C-6520BAA5FE2E}.Debug|Any CPU.ActiveCfg = Debug|Any CPU
		{69BB3556-96BE-431E-976C-6520BAA5FE2E}.Debug|Any CPU.Build.0 = Debug|Any CPU
		{69BB3556-96BE-431E-976C-6520BAA5FE2E}.Release|Any CPU.ActiveCfg = Release|Any CPU
		{69BB3556-96BE-431E-976C-6520BAA5FE2E}.Release|Any CPU.Build.0 = Release|Any CPU
	EndGlobalSection
EndGlobal
