
Microsoft Visual Studio Solution File, Format Version 12.00
# Visual Studio Version 17
VisualStudioVersion = 17.1.32407.343
MinimumVisualStudioVersion = 10.0.40219.1
Project("{9A19103F-16F7-4668-BE54-9A1E7A4F7556}") = "TicTacToe_boardgameV3", "TicTacToe_boardgameV3\TicTacToe_boardgameV3.csproj", "{69BB3556-96BE-431E-976C-6520BAA5FE2E}"
EndProject
Global
	GlobalSection(SolutionConfigurationPlatforms) = preSolution
		Debug|Any CPU = Debug|Any CPU
		Release|Any CPU = Release|Any CPU
	EndGlobalSection
	GlobalSection(ProjectConfigurationPlatforms) = postSolution
		{69BB3556-96BE-431E-976C-6520BAA5FE2E}.Debug|Any CPU.ActiveCfg = Debug|Any CPU
		{69BB3556-96BE-431E-976C-6520BAA5FE2E}.Debug|Any CPU.Build.0 = Debug|Any CPU
		{69BB3556-96BE-431E-976C-6520BAA5FE2E}.Release|Any CPU.ActiveCfg = Release|Any CPU
		{69BB3556-96BE-431E-976C-6520BAA5FE2E}.Release|Any CPU.Build.0 = Release|Any CPU
	EndGlobalSection
	GlobalSection(SolutionProperties) = preSolution
		HideSolutionNode = FALSE
	EndGlobalSection
	GlobalSection(ExtensibilityGlobals) = postSolution
		SolutionGuid = {55966632-9FAD-43F1-A842-5B58E223E233}
	EndGlobalSection
EndGlobal
